
Microsoft Visual Studio Solution File, Format Version 12.00
# Visual Studio Version 17
VisualStudioVersion = 17.2.32616.157
MinimumVisualStudioVersion = 10.0.40219.1
Project("{FAE04EC0-301F-11D3-BF4B-00C04F79EFBC}") = "WindowFormsLab", "WindowFormsLab\WindowFormsLab.csproj", "{99DCCEE9-BEA2-4C9D-A4DC-71514DEA7FA3}"
EndProject
Global
	GlobalSection(SolutionConfigurationPlatforms) = preSolution
		Debug|Any CPU = Debug|Any CPU
		Release|Any CPU = Release|Any CPU
	EndGlobalSection
	GlobalSection(ProjectConfigurationPlatforms) = postSolution
		{99DCCEE9-BEA2-4C9D-A4DC-71514DEA7FA3}.Debug|Any CPU.ActiveCfg = Debug|Any CPU
		{99DCCEE9-BEA2-4C9D-A4DC-71514DEA7FA3}.Debug|Any CPU.Build.0 = Debug|Any CPU
		{99DCCEE9-BEA2-4C9D-A4DC-71514DEA7FA3}.Release|Any CPU.ActiveCfg = Release|Any CPU
		{99DCCEE9-BEA2-4C9D-A4DC-71514DEA7FA3}.Release|Any CPU.Build.0 = Release|Any CPU
	EndGlobalSection
	GlobalSection(SolutionProperties) = preSolution
		HideSolutionNode = FALSE
	EndGlobalSection
	GlobalSection(ExtensibilityGlobals) = postSolution
		SolutionGuid = {E19EE4AA-998E-4F5B-A654-0799C2F1AAE7}
	EndGlobalSection
EndGlobal
